
Microsoft Visual Studio Solution File, Format Version 12.00
# Visual Studio 15
Project("{FAE04EC0-301F-11D3-BF4B-00C04F79EFBC}") = "Assembly-CSharp", "Assembly-CSharp.csproj", "{20BBCA44-99E9-0618-DEB7-73167E69D552}"
EndProject
Project("{FAE04EC0-301F-11D3-BF4B-00C04F79EFBC}") = "Assembly-CSharp-firstpass", "Assembly-CSharp-firstpass.csproj", "{03B53FD3-2497-D2DD-D0E8-8EE2893FDC3D}"
EndProject
Global
	GlobalSection(SolutionConfigurationPlatforms) = preSolution
		Debug|Any CPU = Debug|Any CPU
		Release|Any CPU = Release|Any CPU
	EndGlobalSection
	GlobalSection(ProjectConfigurationPlatforms) = postSolution
		{20BBCA44-99E9-0618-DEB7-73167E69D552}.Debug|Any CPU.ActiveCfg = Debug|Any CPU
		{20BBCA44-99E9-0618-DEB7-73167E69D552}.Debug|Any CPU.Build.0 = Debug|Any CPU
		{20BBCA44-99E9-0618-DEB7-73167E69D552}.Release|Any CPU.ActiveCfg = Release|Any CPU
		{20BBCA44-99E9-0618-DEB7-73167E69D552}.Release|Any CPU.Build.0 = Release|Any CPU
		{03B53FD3-2497-D2DD-D0E8-8EE2893FDC3D}.Debug|Any CPU.ActiveCfg = Debug|Any CPU
		{03B53FD3-2497-D2DD-D0E8-8EE2893FDC3D}.Debug|Any CPU.Build.0 = Debug|Any CPU
		{03B53FD3-2497-D2DD-D0E8-8EE2893FDC3D}.Release|Any CPU.ActiveCfg = Release|Any CPU
		{03B53FD3-2497-D2DD-D0E8-8EE2893FDC3D}.Release|Any CPU.Build.0 = Release|Any CPU
	EndGlobalSection
	GlobalSection(SolutionProperties) = preSolution
		HideSolutionNode = FALSE
	EndGlobalSection
EndGlobal
